// !$*UTF8*$!
{
	archiveVersion = 1;
	classes = {
	};
	objectVersion = 55;
	objects = {

/* Begin PBXBuildFile section */
		0444AA2F27F9CB53006B8943 /* AppDelegate.swift in Sources */ = {isa = PBXBuildFile; fileRef = 0444AA2E27F9CB53006B8943 /* AppDelegate.swift */; };
		0444AA3127F9CB53006B8943 /* SceneDelegate.swift in Sources */ = {isa = PBXBuildFile; fileRef = 0444AA3027F9CB53006B8943 /* SceneDelegate.swift */; };
		0444AA3327F9CB53006B8943 /* WeatherPageViewController.swift in Sources */ = {isa = PBXBuildFile; fileRef = 0444AA3227F9CB53006B8943 /* WeatherPageViewController.swift */; };
		0444AA3627F9CB53006B8943 /* Main.storyboard in Resources */ = {isa = PBXBuildFile; fileRef = 0444AA3427F9CB53006B8943 /* Main.storyboard */; };
		0444AA3827F9CB55006B8943 /* Assets.xcassets in Resources */ = {isa = PBXBuildFile; fileRef = 0444AA3727F9CB55006B8943 /* Assets.xcassets */; };
		0444AA3B27F9CB55006B8943 /* LaunchScreen.storyboard in Resources */ = {isa = PBXBuildFile; fileRef = 0444AA3927F9CB55006B8943 /* LaunchScreen.storyboard */; };
		0444AA4627F9CB55006B8943 /* WeatherAppTests.swift in Sources */ = {isa = PBXBuildFile; fileRef = 0444AA4527F9CB55006B8943 /* WeatherAppTests.swift */; };
		0444AA5027F9CB55006B8943 /* WeatherAppUITests.swift in Sources */ = {isa = PBXBuildFile; fileRef = 0444AA4F27F9CB55006B8943 /* WeatherAppUITests.swift */; };
		0444AA5227F9CB55006B8943 /* WeatherAppUITestsLaunchTests.swift in Sources */ = {isa = PBXBuildFile; fileRef = 0444AA5127F9CB55006B8943 /* WeatherAppUITestsLaunchTests.swift */; };
		0444AA5F27F9CB8A006B8943 /* NetworkAPIone.swift in Sources */ = {isa = PBXBuildFile; fileRef = 0444AA5E27F9CB8A006B8943 /* NetworkAPIone.swift */; };
		0444AA6127FA4309006B8943 /* CurrentDataModel.swift in Sources */ = {isa = PBXBuildFile; fileRef = 0444AA6027FA4309006B8943 /* CurrentDataModel.swift */; };
		0444AA6227FA4309006B8943 /* CurrentDataModel.swift in Sources */ = {isa = PBXBuildFile; fileRef = 0444AA6027FA4309006B8943 /* CurrentDataModel.swift */; };
		0444AA6727FAA274006B8943 /* NetWorkAPITwo.swift in Sources */ = {isa = PBXBuildFile; fileRef = 0444AA6627FAA274006B8943 /* NetWorkAPITwo.swift */; };
		0444AA6827FAA274006B8943 /* NetWorkAPITwo.swift in Sources */ = {isa = PBXBuildFile; fileRef = 0444AA6627FAA274006B8943 /* NetWorkAPITwo.swift */; };
		0444AA6A27FB3B90006B8943 /* FiveDaysWeatherForecast.swift in Sources */ = {isa = PBXBuildFile; fileRef = 0444AA6927FB3B90006B8943 /* FiveDaysWeatherForecast.swift */; };
		0444AA6B27FB3B90006B8943 /* FiveDaysWeatherForecast.swift in Sources */ = {isa = PBXBuildFile; fileRef = 0444AA6927FB3B90006B8943 /* FiveDaysWeatherForecast.swift */; };
		0454B6DA27FC80C8002830E9 /* common.swift in Sources */ = {isa = PBXBuildFile; fileRef = 0454B6D927FC80C8002830E9 /* common.swift */; };
		0454B6E127FC97A8002830E9 /* WeatherPageViewModel.swift in Sources */ = {isa = PBXBuildFile; fileRef = 0454B6E027FC97A8002830E9 /* WeatherPageViewModel.swift */; };
		0454B6E827FE57A6002830E9 /* Extension + ViewController.swift in Sources */ = {isa = PBXBuildFile; fileRef = 0454B6E727FE57A5002830E9 /* Extension + ViewController.swift */; };
/* End PBXBuildFile section */

/* Begin PBXContainerItemProxy section */
		0444AA4227F9CB55006B8943 /* PBXContainerItemProxy */ = {
			isa = PBXContainerItemProxy;
			containerPortal = 0444AA2327F9CB53006B8943 /* Project object */;
			proxyType = 1;
			remoteGlobalIDString = 0444AA2A27F9CB53006B8943;
			remoteInfo = WeatherApp;
		};
		0444AA4C27F9CB55006B8943 /* PBXContainerItemProxy */ = {
			isa = PBXContainerItemProxy;
			containerPortal = 0444AA2327F9CB53006B8943 /* Project object */;
			proxyType = 1;
			remoteGlobalIDString = 0444AA2A27F9CB53006B8943;
			remoteInfo = WeatherApp;
		};
/* End PBXContainerItemProxy section */

/* Begin PBXFileReference section */
		0444AA2B27F9CB53006B8943 /* WeatherApp.app */ = {isa = PBXFileReference; explicitFileType = wrapper.application; includeInIndex = 0; path = WeatherApp.app; sourceTree = BUILT_PRODUCTS_DIR; };
		0444AA2E27F9CB53006B8943 /* AppDelegate.swift */ = {isa = PBXFileReference; lastKnownFileType = sourcecode.swift; path = AppDelegate.swift; sourceTree = "<group>"; };
		0444AA3027F9CB53006B8943 /* SceneDelegate.swift */ = {isa = PBXFileReference; lastKnownFileType = sourcecode.swift; path = SceneDelegate.swift; sourceTree = "<group>"; };
		0444AA3227F9CB53006B8943 /* WeatherPageViewController.swift */ = {isa = PBXFileReference; lastKnownFileType = sourcecode.swift; path = WeatherPageViewController.swift; sourceTree = "<group>"; };
		0444AA3527F9CB53006B8943 /* Base */ = {isa = PBXFileReference; lastKnownFileType = file.storyboard; name = Base; path = Base.lproj/Main.storyboard; sourceTree = "<group>"; };
		0444AA3727F9CB55006B8943 /* Assets.xcassets */ = {isa = PBXFileReference; lastKnownFileType = folder.assetcatalog; path = Assets.xcassets; sourceTree = "<group>"; };
		0444AA3A27F9CB55006B8943 /* Base */ = {isa = PBXFileReference; lastKnownFileType = file.storyboard; name = Base; path = Base.lproj/LaunchScreen.storyboard; sourceTree = "<group>"; };
		0444AA3C27F9CB55006B8943 /* Info.plist */ = {isa = PBXFileReference; lastKnownFileType = text.plist.xml; path = Info.plist; sourceTree = "<group>"; };
		0444AA4127F9CB55006B8943 /* WeatherAppTests.xctest */ = {isa = PBXFileReference; explicitFileType = wrapper.cfbundle; includeInIndex = 0; path = WeatherAppTests.xctest; sourceTree = BUILT_PRODUCTS_DIR; };
		0444AA4527F9CB55006B8943 /* WeatherAppTests.swift */ = {isa = PBXFileReference; lastKnownFileType = sourcecode.swift; path = WeatherAppTests.swift; sourceTree = "<group>"; };
		0444AA4B27F9CB55006B8943 /* WeatherAppUITests.xctest */ = {isa = PBXFileReference; explicitFileType = wrapper.cfbundle; includeInIndex = 0; path = WeatherAppUITests.xctest; sourceTree = BUILT_PRODUCTS_DIR; };
		0444AA4F27F9CB55006B8943 /* WeatherAppUITests.swift */ = {isa = PBXFileReference; lastKnownFileType = sourcecode.swift; path = WeatherAppUITests.swift; sourceTree = "<group>"; };
		0444AA5127F9CB55006B8943 /* WeatherAppUITestsLaunchTests.swift */ = {isa = PBXFileReference; lastKnownFileType = sourcecode.swift; path = WeatherAppUITestsLaunchTests.swift; sourceTree = "<group>"; };
		0444AA5E27F9CB8A006B8943 /* NetworkAPIone.swift */ = {isa = PBXFileReference; lastKnownFileType = sourcecode.swift; path = NetworkAPIone.swift; sourceTree = "<group>"; };
		0444AA6027FA4309006B8943 /* CurrentDataModel.swift */ = {isa = PBXFileReference; lastKnownFileType = sourcecode.swift; path = CurrentDataModel.swift; sourceTree = "<group>"; };
		0444AA6627FAA274006B8943 /* NetWorkAPITwo.swift */ = {isa = PBXFileReference; lastKnownFileType = sourcecode.swift; path = NetWorkAPITwo.swift; sourceTree = "<group>"; };
		0444AA6927FB3B90006B8943 /* FiveDaysWeatherForecast.swift */ = {isa = PBXFileReference; lastKnownFileType = sourcecode.swift; path = FiveDaysWeatherForecast.swift; sourceTree = "<group>"; };
		0454B6D927FC80C8002830E9 /* common.swift */ = {isa = PBXFileReference; lastKnownFileType = sourcecode.swift; path = common.swift; sourceTree = "<group>"; };
		0454B6E027FC97A8002830E9 /* WeatherPageViewModel.swift */ = {isa = PBXFileReference; lastKnownFileType = sourcecode.swift; path = WeatherPageViewModel.swift; sourceTree = "<group>"; };
		0454B6E727FE57A5002830E9 /* Extension + ViewController.swift */ = {isa = PBXFileReference; lastKnownFileType = sourcecode.swift; path = "Extension + ViewController.swift"; sourceTree = "<group>"; };
/* End PBXFileReference section */

/* Begin PBXFrameworksBuildPhase section */
		0444AA2827F9CB53006B8943 /* Frameworks */ = {
			isa = PBXFrameworksBuildPhase;
			buildActionMask = 2147483647;
			files = (
			);
			runOnlyForDeploymentPostprocessing = 0;
		};
		0444AA3E27F9CB55006B8943 /* Frameworks */ = {
			isa = PBXFrameworksBuildPhase;
			buildActionMask = 2147483647;
			files = (
			);
			runOnlyForDeploymentPostprocessing = 0;
		};
		0444AA4827F9CB55006B8943 /* Frameworks */ = {
			isa = PBXFrameworksBuildPhase;
			buildActionMask = 2147483647;
			files = (
			);
			runOnlyForDeploymentPostprocessing = 0;
		};
/* End PBXFrameworksBuildPhase section */

/* Begin PBXGroup section */
		0444AA2227F9CB53006B8943 = {
			isa = PBXGroup;
			children = (
				0444AA2D27F9CB53006B8943 /* WeatherApp */,
				0444AA4427F9CB55006B8943 /* WeatherAppTests */,
				0444AA4E27F9CB55006B8943 /* WeatherAppUITests */,
				0444AA2C27F9CB53006B8943 /* Products */,
			);
			sourceTree = "<group>";
		};
		0444AA2C27F9CB53006B8943 /* Products */ = {
			isa = PBXGroup;
			children = (
				0444AA2B27F9CB53006B8943 /* WeatherApp.app */,
				0444AA4127F9CB55006B8943 /* WeatherAppTests.xctest */,
				0444AA4B27F9CB55006B8943 /* WeatherAppUITests.xctest */,
			);
			name = Products;
			sourceTree = "<group>";
		};
		0444AA2D27F9CB53006B8943 /* WeatherApp */ = {
			isa = PBXGroup;
			children = (
				0454B6DC27FC89D9002830E9 /* Application Delegates */,
				0454B6DB27FC899C002830E9 /* Constants */,
				0454B6DF27FC95CE002830E9 /* ViewModel */,
				0454B6E227FCC6F2002830E9 /* Controllers */,
				0454B6DD27FC8A01002830E9 /* Views */,
				0454B6DE27FC8A2B002830E9 /* Resources */,
				0444AA3C27F9CB55006B8943 /* Info.plist */,
				0454B6E427FCD316002830E9 /* Networking */,
				0454B6E327FCC73D002830E9 /* View */,
			);
			path = WeatherApp;
			sourceTree = "<group>";
		};
		0444AA4427F9CB55006B8943 /* WeatherAppTests */ = {
			isa = PBXGroup;
			children = (
				0444AA4527F9CB55006B8943 /* WeatherAppTests.swift */,
			);
			path = WeatherAppTests;
			sourceTree = "<group>";
		};
		0444AA4E27F9CB55006B8943 /* WeatherAppUITests */ = {
			isa = PBXGroup;
			children = (
				0444AA4F27F9CB55006B8943 /* WeatherAppUITests.swift */,
				0444AA5127F9CB55006B8943 /* WeatherAppUITestsLaunchTests.swift */,
			);
			path = WeatherAppUITests;
			sourceTree = "<group>";
		};
		0454B6DB27FC899C002830E9 /* Constants */ = {
			isa = PBXGroup;
			children = (
				0454B6D927FC80C8002830E9 /* common.swift */,
			);
			path = Constants;
			sourceTree = "<group>";
		};
		0454B6DC27FC89D9002830E9 /* Application Delegates */ = {
			isa = PBXGroup;
			children = (
				0444AA2E27F9CB53006B8943 /* AppDelegate.swift */,
				0444AA3027F9CB53006B8943 /* SceneDelegate.swift */,
			);
			path = "Application Delegates";
			sourceTree = "<group>";
		};
		0454B6DD27FC8A01002830E9 /* Views */ = {
			isa = PBXGroup;
			children = (
				0444AA3427F9CB53006B8943 /* Main.storyboard */,
				0444AA3927F9CB55006B8943 /* LaunchScreen.storyboard */,
			);
			path = Views;
			sourceTree = "<group>";
		};
		0454B6DE27FC8A2B002830E9 /* Resources */ = {
			isa = PBXGroup;
			children = (
				0444AA3727F9CB55006B8943 /* Assets.xcassets */,
			);
			path = Resources;
			sourceTree = "<group>";
		};
		0454B6DF27FC95CE002830E9 /* ViewModel */ = {
			isa = PBXGroup;
			children = (
				0454B6E027FC97A8002830E9 /* WeatherPageViewModel.swift */,
			);
			path = ViewModel;
			sourceTree = "<group>";
		};
		0454B6E227FCC6F2002830E9 /* Controllers */ = {
			isa = PBXGroup;
			children = (
				0444AA3227F9CB53006B8943 /* WeatherPageViewController.swift */,
				0454B6E727FE57A5002830E9 /* Extension + ViewController.swift */,
			);
			path = Controllers;
			sourceTree = "<group>";
		};
		0454B6E327FCC73D002830E9 /* View */ = {
			isa = PBXGroup;
			children = (
			);
			path = View;
			sourceTree = "<group>";
		};
		0454B6E427FCD316002830E9 /* Networking */ = {
			isa = PBXGroup;
			children = (
				0444AA5E27F9CB8A006B8943 /* NetworkAPIone.swift */,
				0444AA6627FAA274006B8943 /* NetWorkAPITwo.swift */,
				0444AA6027FA4309006B8943 /* CurrentDataModel.swift */,
				0444AA6927FB3B90006B8943 /* FiveDaysWeatherForecast.swift */,
			);
			path = Networking;
			sourceTree = "<group>";
		};
/* End PBXGroup section */

/* Begin PBXNativeTarget section */
		0444AA2A27F9CB53006B8943 /* WeatherApp */ = {
			isa = PBXNativeTarget;
			buildConfigurationList = 0444AA5527F9CB55006B8943 /* Build configuration list for PBXNativeTarget "WeatherApp" */;
			buildPhases = (
				0444AA2727F9CB53006B8943 /* Sources */,
				0444AA2827F9CB53006B8943 /* Frameworks */,
				0444AA2927F9CB53006B8943 /* Resources */,
			);
			buildRules = (
			);
			dependencies = (
			);
			name = WeatherApp;
			productName = WeatherApp;
			productReference = 0444AA2B27F9CB53006B8943 /* WeatherApp.app */;
			productType = "com.apple.product-type.application";
		};
		0444AA4027F9CB55006B8943 /* WeatherAppTests */ = {
			isa = PBXNativeTarget;
			buildConfigurationList = 0444AA5827F9CB55006B8943 /* Build configuration list for PBXNativeTarget "WeatherAppTests" */;
			buildPhases = (
				0444AA3D27F9CB55006B8943 /* Sources */,
				0444AA3E27F9CB55006B8943 /* Frameworks */,
				0444AA3F27F9CB55006B8943 /* Resources */,
			);
			buildRules = (
			);
			dependencies = (
				0444AA4327F9CB55006B8943 /* PBXTargetDependency */,
			);
			name = WeatherAppTests;
			productName = WeatherAppTests;
			productReference = 0444AA4127F9CB55006B8943 /* WeatherAppTests.xctest */;
			productType = "com.apple.product-type.bundle.unit-test";
		};
		0444AA4A27F9CB55006B8943 /* WeatherAppUITests */ = {
			isa = PBXNativeTarget;
			buildConfigurationList = 0444AA5B27F9CB55006B8943 /* Build configuration list for PBXNativeTarget "WeatherAppUITests" */;
			buildPhases = (
				0444AA4727F9CB55006B8943 /* Sources */,
				0444AA4827F9CB55006B8943 /* Frameworks */,
				0444AA4927F9CB55006B8943 /* Resources */,
			);
			buildRules = (
			);
			dependencies = (
				0444AA4D27F9CB55006B8943 /* PBXTargetDependency */,
			);
			name = WeatherAppUITests;
			productName = WeatherAppUITests;
			productReference = 0444AA4B27F9CB55006B8943 /* WeatherAppUITests.xctest */;
			productType = "com.apple.product-type.bundle.ui-testing";
		};
/* End PBXNativeTarget section */

/* Begin PBXProject section */
		0444AA2327F9CB53006B8943 /* Project object */ = {
			isa = PBXProject;
			attributes = {
				BuildIndependentTargetsInParallel = 1;
				LastSwiftUpdateCheck = 1330;
				LastUpgradeCheck = 1330;
				TargetAttributes = {
					0444AA2A27F9CB53006B8943 = {
						CreatedOnToolsVersion = 13.3;
					};
					0444AA4027F9CB55006B8943 = {
						CreatedOnToolsVersion = 13.3;
						TestTargetID = 0444AA2A27F9CB53006B8943;
					};
					0444AA4A27F9CB55006B8943 = {
						CreatedOnToolsVersion = 13.3;
						TestTargetID = 0444AA2A27F9CB53006B8943;
					};
				};
			};
			buildConfigurationList = 0444AA2627F9CB53006B8943 /* Build configuration list for PBXProject "WeatherApp" */;
			compatibilityVersion = "Xcode 13.0";
			developmentRegion = en;
			hasScannedForEncodings = 0;
			knownRegions = (
				en,
				Base,
			);
			mainGroup = 0444AA2227F9CB53006B8943;
			productRefGroup = 0444AA2C27F9CB53006B8943 /* Products */;
			projectDirPath = "";
			projectRoot = "";
			targets = (
				0444AA2A27F9CB53006B8943 /* WeatherApp */,
				0444AA4027F9CB55006B8943 /* WeatherAppTests */,
				0444AA4A27F9CB55006B8943 /* WeatherAppUITests */,
			);
		};
/* End PBXProject section */

/* Begin PBXResourcesBuildPhase section */
		0444AA2927F9CB53006B8943 /* Resources */ = {
			isa = PBXResourcesBuildPhase;
			buildActionMask = 2147483647;
			files = (
				0444AA3B27F9CB55006B8943 /* LaunchScreen.storyboard in Resources */,
				0444AA3827F9CB55006B8943 /* Assets.xcassets in Resources */,
				0444AA3627F9CB53006B8943 /* Main.storyboard in Resources */,
			);
			runOnlyForDeploymentPostprocessing = 0;
		};
		0444AA3F27F9CB55006B8943 /* Resources */ = {
			isa = PBXResourcesBuildPhase;
			buildActionMask = 2147483647;
			files = (
			);
			runOnlyForDeploymentPostprocessing = 0;
		};
		0444AA4927F9CB55006B8943 /* Resources */ = {
			isa = PBXResourcesBuildPhase;
			buildActionMask = 2147483647;
			files = (
			);
			runOnlyForDeploymentPostprocessing = 0;
		};
/* End PBXResourcesBuildPhase section */

/* Begin PBXSourcesBuildPhase section */
		0444AA2727F9CB53006B8943 /* Sources */ = {
			isa = PBXSourcesBuildPhase;
			buildActionMask = 2147483647;
			files = (
				0454B6E827FE57A6002830E9 /* Extension + ViewController.swift in Sources */,
				0444AA5F27F9CB8A006B8943 /* NetworkAPIone.swift in Sources */,
				0444AA6A27FB3B90006B8943 /* FiveDaysWeatherForecast.swift in Sources */,
				0454B6E127FC97A8002830E9 /* WeatherPageViewModel.swift in Sources */,
				0444AA3327F9CB53006B8943 /* WeatherPageViewController.swift in Sources */,
				0444AA2F27F9CB53006B8943 /* AppDelegate.swift in Sources */,
				0444AA6727FAA274006B8943 /* NetWorkAPITwo.swift in Sources */,
				0444AA6127FA4309006B8943 /* CurrentDataModel.swift in Sources */,
				0444AA3127F9CB53006B8943 /* SceneDelegate.swift in Sources */,
				0454B6DA27FC80C8002830E9 /* common.swift in Sources */,
			);
			runOnlyForDeploymentPostprocessing = 0;
		};
		0444AA3D27F9CB55006B8943 /* Sources */ = {
			isa = PBXSourcesBuildPhase;
			buildActionMask = 2147483647;
			files = (
				0444AA6827FAA274006B8943 /* NetWorkAPITwo.swift in Sources */,
				0444AA4627F9CB55006B8943 /* WeatherAppTests.swift in Sources */,
				0444AA6B27FB3B90006B8943 /* FiveDaysWeatherForecast.swift in Sources */,
				0444AA6227FA4309006B8943 /* CurrentDataModel.swift in Sources */,
			);
			runOnlyForDeploymentPostprocessing = 0;
		};
		0444AA4727F9CB55006B8943 /* Sources */ = {
			isa = PBXSourcesBuildPhase;
			buildActionMask = 2147483647;
			files = (
				0444AA5027F9CB55006B8943 /* WeatherAppUITests.swift in Sources */,
				0444AA5227F9CB55006B8943 /* WeatherAppUITestsLaunchTests.swift in Sources */,
			);
			runOnlyForDeploymentPostprocessing = 0;
		};
/* End PBXSourcesBuildPhase section */

/* Begin PBXTargetDependency section */
		0444AA4327F9CB55006B8943 /* PBXTargetDependency */ = {
			isa = PBXTargetDependency;
			target = 0444AA2A27F9CB53006B8943 /* WeatherApp */;
			targetProxy = 0444AA4227F9CB55006B8943 /* PBXContainerItemProxy */;
		};
		0444AA4D27F9CB55006B8943 /* PBXTargetDependency */ = {
			isa = PBXTargetDependency;
			target = 0444AA2A27F9CB53006B8943 /* WeatherApp */;
			targetProxy = 0444AA4C27F9CB55006B8943 /* PBXContainerItemProxy */;
		};
/* End PBXTargetDependency section */

/* Begin PBXVariantGroup section */
		0444AA3427F9CB53006B8943 /* Main.storyboard */ = {
			isa = PBXVariantGroup;
			children = (
				0444AA3527F9CB53006B8943 /* Base */,
			);
			name = Main.storyboard;
			sourceTree = "<group>";
		};
		0444AA3927F9CB55006B8943 /* LaunchScreen.storyboard */ = {
			isa = PBXVariantGroup;
			children = (
				0444AA3A27F9CB55006B8943 /* Base */,
			);
			name = LaunchScreen.storyboard;
			sourceTree = "<group>";
		};
/* End PBXVariantGroup section */

/* Begin XCBuildConfiguration section */
		0444AA5327F9CB55006B8943 /* Debug */ = {
			isa = XCBuildConfiguration;
			buildSettings = {
				ALWAYS_SEARCH_USER_PATHS = NO;
				CLANG_ANALYZER_NONNULL = YES;
				CLANG_ANALYZER_NUMBER_OBJECT_CONVERSION = YES_AGGRESSIVE;
				CLANG_CXX_LANGUAGE_STANDARD = "gnu++17";
				CLANG_ENABLE_MODULES = YES;
				CLANG_ENABLE_OBJC_ARC = YES;
				CLANG_ENABLE_OBJC_WEAK = YES;
				CLANG_WARN_BLOCK_CAPTURE_AUTORELEASING = YES;
				CLANG_WARN_BOOL_CONVERSION = YES;
				CLANG_WARN_COMMA = YES;
				CLANG_WARN_CONSTANT_CONVERSION = YES;
				CLANG_WARN_DEPRECATED_OBJC_IMPLEMENTATIONS = YES;
				CLANG_WARN_DIRECT_OBJC_ISA_USAGE = YES_ERROR;
				CLANG_WARN_DOCUMENTATION_COMMENTS = YES;
				CLANG_WARN_EMPTY_BODY = YES;
				CLANG_WARN_ENUM_CONVERSION = YES;
				CLANG_WARN_INFINITE_RECURSION = YES;
				CLANG_WARN_INT_CONVERSION = YES;
				CLANG_WARN_NON_LITERAL_NULL_CONVERSION = YES;
				CLANG_WARN_OBJC_IMPLICIT_RETAIN_SELF = YES;
				CLANG_WARN_OBJC_LITERAL_CONVERSION = YES;
				CLANG_WARN_OBJC_ROOT_CLASS = YES_ERROR;
				CLANG_WARN_QUOTED_INCLUDE_IN_FRAMEWORK_HEADER = YES;
				CLANG_WARN_RANGE_LOOP_ANALYSIS = YES;
				CLANG_WARN_STRICT_PROTOTYPES = YES;
				CLANG_WARN_SUSPICIOUS_MOVE = YES;
				CLANG_WARN_UNGUARDED_AVAILABILITY = YES_AGGRESSIVE;
				CLANG_WARN_UNREACHABLE_CODE = YES;
				CLANG_WARN__DUPLICATE_METHOD_MATCH = YES;
				COPY_PHASE_STRIP = NO;
				DEBUG_INFORMATION_FORMAT = dwarf;
				ENABLE_STRICT_OBJC_MSGSEND = YES;
				ENABLE_TESTABILITY = YES;
				GCC_C_LANGUAGE_STANDARD = gnu11;
				GCC_DYNAMIC_NO_PIC = NO;
				GCC_NO_COMMON_BLOCKS = YES;
				GCC_OPTIMIZATION_LEVEL = 0;
				GCC_PREPROCESSOR_DEFINITIONS = (
					"DEBUG=1",
					"$(inherited)",
				);
				GCC_WARN_64_TO_32_BIT_CONVERSION = YES;
				GCC_WARN_ABOUT_RETURN_TYPE = YES_ERROR;
				GCC_WARN_UNDECLARED_SELECTOR = YES;
				GCC_WARN_UNINITIALIZED_AUTOS = YES_AGGRESSIVE;
				GCC_WARN_UNUSED_FUNCTION = YES;
				GCC_WARN_UNUSED_VARIABLE = YES;
				IPHONEOS_DEPLOYMENT_TARGET = 15.4;
				MTL_ENABLE_DEBUG_INFO = INCLUDE_SOURCE;
				MTL_FAST_MATH = YES;
				ONLY_ACTIVE_ARCH = YES;
				SDKROOT = iphoneos;
				SWIFT_ACTIVE_COMPILATION_CONDITIONS = DEBUG;
				SWIFT_OPTIMIZATION_LEVEL = "-Onone";
			};
			name = Debug;
		};
		0444AA5427F9CB55006B8943 /* Release */ = {
			isa = XCBuildConfiguration;
			buildSettings = {
				ALWAYS_SEARCH_USER_PATHS = NO;
				CLANG_ANALYZER_NONNULL = YES;
				CLANG_ANALYZER_NUMBER_OBJECT_CONVERSION = YES_AGGRESSIVE;
				CLANG_CXX_LANGUAGE_STANDARD = "gnu++17";
				CLANG_ENABLE_MODULES = YES;
				CLANG_ENABLE_OBJC_ARC = YES;
				CLANG_ENABLE_OBJC_WEAK = YES;
				CLANG_WARN_BLOCK_CAPTURE_AUTORELEASING = YES;
				CLANG_WARN_BOOL_CONVERSION = YES;
				CLANG_WARN_COMMA = YES;
				CLANG_WARN_CONSTANT_CONVERSION = YES;
				CLANG_WARN_DEPRECATED_OBJC_IMPLEMENTATIONS = YES;
				CLANG_WARN_DIRECT_OBJC_ISA_USAGE = YES_ERROR;
				CLANG_WARN_DOCUMENTATION_COMMENTS = YES;
				CLANG_WARN_EMPTY_BODY = YES;
				CLANG_WARN_ENUM_CONVERSION = YES;
				CLANG_WARN_INFINITE_RECURSION = YES;
				CLANG_WARN_INT_CONVERSION = YES;
				CLANG_WARN_NON_LITERAL_NULL_CONVERSION = YES;
				CLANG_WARN_OBJC_IMPLICIT_RETAIN_SELF = YES;
				CLANG_WARN_OBJC_LITERAL_CONVERSION = YES;
				CLANG_WARN_OBJC_ROOT_CLASS = YES_ERROR;
				CLANG_WARN_QUOTED_INCLUDE_IN_FRAMEWORK_HEADER = YES;
				CLANG_WARN_RANGE_LOOP_ANALYSIS = YES;
				CLANG_WARN_STRICT_PROTOTYPES = YES;
				CLANG_WARN_SUSPICIOUS_MOVE = YES;
				CLANG_WARN_UNGUARDED_AVAILABILITY = YES_AGGRESSIVE;
				CLANG_WARN_UNREACHABLE_CODE = YES;
				CLANG_WARN__DUPLICATE_METHOD_MATCH = YES;
				COPY_PHASE_STRIP = NO;
				DEBUG_INFORMATION_FORMAT = "dwarf-with-dsym";
				ENABLE_NS_ASSERTIONS = NO;
				ENABLE_STRICT_OBJC_MSGSEND = YES;
				GCC_C_LANGUAGE_STANDARD = gnu11;
				GCC_NO_COMMON_BLOCKS = YES;
				GCC_WARN_64_TO_32_BIT_CONVERSION = YES;
				GCC_WARN_ABOUT_RETURN_TYPE = YES_ERROR;
				GCC_WARN_UNDECLARED_SELECTOR = YES;
				GCC_WARN_UNINITIALIZED_AUTOS = YES_AGGRESSIVE;
				GCC_WARN_UNUSED_FUNCTION = YES;
				GCC_WARN_UNUSED_VARIABLE = YES;
				IPHONEOS_DEPLOYMENT_TARGET = 15.4;
				MTL_ENABLE_DEBUG_INFO = NO;
				MTL_FAST_MATH = YES;
				SDKROOT = iphoneos;
				SWIFT_COMPILATION_MODE = wholemodule;
				SWIFT_OPTIMIZATION_LEVEL = "-O";
				VALIDATE_PRODUCT = YES;
			};
			name = Release;
		};
		0444AA5627F9CB55006B8943 /* Debug */ = {
			isa = XCBuildConfiguration;
			buildSettings = {
				ASSETCATALOG_COMPILER_APPICON_NAME = AppIcon;
				ASSETCATALOG_COMPILER_GLOBAL_ACCENT_COLOR_NAME = AccentColor;
				CODE_SIGN_STYLE = Automatic;
				CURRENT_PROJECT_VERSION = 1;
				DEVELOPMENT_TEAM = TU6K7VWRVB;
				GENERATE_INFOPLIST_FILE = YES;
				INFOPLIST_FILE = WeatherApp/Info.plist;
				INFOPLIST_KEY_UIApplicationSupportsIndirectInputEvents = YES;
				INFOPLIST_KEY_UILaunchStoryboardName = LaunchScreen;
				INFOPLIST_KEY_UIMainStoryboardFile = Main;
				INFOPLIST_KEY_UISupportedInterfaceOrientations_iPad = "UIInterfaceOrientationPortrait UIInterfaceOrientationPortraitUpsideDown UIInterfaceOrientationLandscapeLeft UIInterfaceOrientationLandscapeRight";
				INFOPLIST_KEY_UISupportedInterfaceOrientations_iPhone = "UIInterfaceOrientationPortrait UIInterfaceOrientationLandscapeLeft UIInterfaceOrientationLandscapeRight";
				LD_RUNPATH_SEARCH_PATHS = (
					"$(inherited)",
					"@executable_path/Frameworks",
				);
				MARKETING_VERSION = 1.0;
				PRODUCT_BUNDLE_IDENTIFIER = com.ayanfesolutions.WeatherApp;
				PRODUCT_NAME = "$(TARGET_NAME)";
				SWIFT_EMIT_LOC_STRINGS = YES;
				SWIFT_VERSION = 5.0;
				TARGETED_DEVICE_FAMILY = "1,2";
			};
			name = Debug;
		};
		0444AA5727F9CB55006B8943 /* Release */ = {
			isa = XCBuildConfiguration;
			buildSettings = {
				ASSETCATALOG_COMPILER_APPICON_NAME = AppIcon;
				ASSETCATALOG_COMPILER_GLOBAL_ACCENT_COLOR_NAME = AccentColor;
				CODE_SIGN_STYLE = Automatic;
				CURRENT_PROJECT_VERSION = 1;
				DEVELOPMENT_TEAM = TU6K7VWRVB;
				GENERATE_INFOPLIST_FILE = YES;
				INFOPLIST_FILE = WeatherApp/Info.plist;
				INFOPLIST_KEY_UIApplicationSupportsIndirectInputEvents = YES;
				INFOPLIST_KEY_UILaunchStoryboardName = LaunchScreen;
				INFOPLIST_KEY_UIMainStoryboardFile = Main;
				INFOPLIST_KEY_UISupportedInterfaceOrientations_iPad = "UIInterfaceOrientationPortrait UIInterfaceOrientationPortraitUpsideDown UIInterfaceOrientationLandscapeLeft UIInterfaceOrientationLandscapeRight";
				INFOPLIST_KEY_UISupportedInterfaceOrientations_iPhone = "UIInterfaceOrientationPortrait UIInterfaceOrientationLandscapeLeft UIInterfaceOrientationLandscapeRight";
				LD_RUNPATH_SEARCH_PATHS = (
					"$(inherited)",
					"@executable_path/Frameworks",
				);
				MARKETING_VERSION = 1.0;
				PRODUCT_BUNDLE_IDENTIFIER = com.ayanfesolutions.WeatherApp;
				PRODUCT_NAME = "$(TARGET_NAME)";
				SWIFT_EMIT_LOC_STRINGS = YES;
				SWIFT_VERSION = 5.0;
				TARGETED_DEVICE_FAMILY = "1,2";
			};
			name = Release;
		};
		0444AA5927F9CB55006B8943 /* Debug */ = {
			isa = XCBuildConfiguration;
			buildSettings = {
				ALWAYS_EMBED_SWIFT_STANDARD_LIBRARIES = YES;
				BUNDLE_LOADER = "$(TEST_HOST)";
				CODE_SIGN_STYLE = Automatic;
				CURRENT_PROJECT_VERSION = 1;
				DEVELOPMENT_TEAM = TU6K7VWRVB;
				GENERATE_INFOPLIST_FILE = YES;
				IPHONEOS_DEPLOYMENT_TARGET = 15.4;
				MARKETING_VERSION = 1.0;
				PRODUCT_BUNDLE_IDENTIFIER = com.ayanfesolutions.WeatherAppTests;
				PRODUCT_NAME = "$(TARGET_NAME)";
				SWIFT_EMIT_LOC_STRINGS = NO;
				SWIFT_VERSION = 5.0;
				TARGETED_DEVICE_FAMILY = "1,2";
				TEST_HOST = "$(BUILT_PRODUCTS_DIR)/WeatherApp.app/WeatherApp";
			};
			name = Debug;
		};
		0444AA5A27F9CB55006B8943 /* Release */ = {
			isa = XCBuildConfiguration;
			buildSettings = {
				ALWAYS_EMBED_SWIFT_STANDARD_LIBRARIES = YES;
				BUNDLE_LOADER = "$(TEST_HOST)";
				CODE_SIGN_STYLE = Automatic;
				CURRENT_PROJECT_VERSION = 1;
				DEVELOPMENT_TEAM = TU6K7VWRVB;
				GENERATE_INFOPLIST_FILE = YES;
				IPHONEOS_DEPLOYMENT_TARGET = 15.4;
				MARKETING_VERSION = 1.0;
				PRODUCT_BUNDLE_IDENTIFIER = com.ayanfesolutions.WeatherAppTests;
				PRODUCT_NAME = "$(TARGET_NAME)";
				SWIFT_EMIT_LOC_STRINGS = NO;
				SWIFT_VERSION = 5.0;
				TARGETED_DEVICE_FAMILY = "1,2";
				TEST_HOST = "$(BUILT_PRODUCTS_DIR)/WeatherApp.app/WeatherApp";
			};
			name = Release;
		};
		0444AA5C27F9CB55006B8943 /* Debug */ = {
			isa = XCBuildConfiguration;
			buildSettings = {
				ALWAYS_EMBED_SWIFT_STANDARD_LIBRARIES = YES;
				CODE_SIGN_STYLE = Automatic;
				CURRENT_PROJECT_VERSION = 1;
				DEVELOPMENT_TEAM = TU6K7VWRVB;
				GENERATE_INFOPLIST_FILE = YES;
				MARKETING_VERSION = 1.0;
				PRODUCT_BUNDLE_IDENTIFIER = com.ayanfesolutions.WeatherAppUITests;
				PRODUCT_NAME = "$(TARGET_NAME)";
				SWIFT_EMIT_LOC_STRINGS = NO;
				SWIFT_VERSION = 5.0;
				TARGETED_DEVICE_FAMILY = "1,2";
				TEST_TARGET_NAME = WeatherApp;
			};
			name = Debug;
		};
		0444AA5D27F9CB55006B8943 /* Release */ = {
			isa = XCBuildConfiguration;
			buildSettings = {
				ALWAYS_EMBED_SWIFT_STANDARD_LIBRARIES = YES;
				CODE_SIGN_STYLE = Automatic;
				CURRENT_PROJECT_VERSION = 1;
				DEVELOPMENT_TEAM = TU6K7VWRVB;
				GENERATE_INFOPLIST_FILE = YES;
				MARKETING_VERSION = 1.0;
				PRODUCT_BUNDLE_IDENTIFIER = com.ayanfesolutions.WeatherAppUITests;
				PRODUCT_NAME = "$(TARGET_NAME)";
				SWIFT_EMIT_LOC_STRINGS = NO;
				SWIFT_VERSION = 5.0;
				TARGETED_DEVICE_FAMILY = "1,2";
				TEST_TARGET_NAME = WeatherApp;
			};
			name = Release;
		};
/* End XCBuildConfiguration section */

/* Begin XCConfigurationList section */
		0444AA2627F9CB53006B8943 /* Build configuration list for PBXProject "WeatherApp" */ = {
			isa = XCConfigurationList;
			buildConfigurations = (
				0444AA5327F9CB55006B8943 /* Debug */,
				0444AA5427F9CB55006B8943 /* Release */,
			);
			defaultConfigurationIsVisible = 0;
			defaultConfigurationName = Release;
		};
		0444AA5527F9CB55006B8943 /* Build configuration list for PBXNativeTarget "WeatherApp" */ = {
			isa = XCConfigurationList;
			buildConfigurations = (
				0444AA5627F9CB55006B8943 /* Debug */,
				0444AA5727F9CB55006B8943 /* Release */,
			);
			defaultConfigurationIsVisible = 0;
			defaultConfigurationName = Release;
		};
		0444AA5827F9CB55006B8943 /* Build configuration list for PBXNativeTarget "WeatherAppTests" */ = {
			isa = XCConfigurationList;
			buildConfigurations = (
				0444AA5927F9CB55006B8943 /* Debug */,
				0444AA5A27F9CB55006B8943 /* Release */,
			);
			defaultConfigurationIsVisible = 0;
			defaultConfigurationName = Release;
		};
		0444AA5B27F9CB55006B8943 /* Build configuration list for PBXNativeTarget "WeatherAppUITests" */ = {
			isa = XCConfigurationList;
			buildConfigurations = (
				0444AA5C27F9CB55006B8943 /* Debug */,
				0444AA5D27F9CB55006B8943 /* Release */,
			);
			defaultConfigurationIsVisible = 0;
			defaultConfigurationName = Release;
		};
/* End XCConfigurationList section */
	};
	rootObject = 0444AA2327F9CB53006B8943 /* Project object */;
}
